{
  "requires": true,
  "lockfileVersion": 1,
  "dependencies": {
    "@types/stripe-v3": {
      "version": "3.1.25",
      "resolved": "https://registry.npmjs.org/@types/stripe-v3/-/stripe-v3-3.1.25.tgz",
      "integrity": "sha512-M6U2x+NyD3Sn8FF7OrAFKQH2RYRLXUhnmd6UQi8FJL7gkELUbugemuNWUzYywpb2/Jzl0+mucup5zt32R3nuJg=="
    }
  }
}
